
Microsoft Visual Studio Solution File, Format Version 12.00
# Visual Studio Version 17
VisualStudioVersion = 17.8.34525.116
MinimumVisualStudioVersion = 10.0.40219.1
Project("{FAE04EC0-301F-11D3-BF4B-00C04F79EFBC}") = "JmSwitch", "JmSwitch.csproj", "{1A695D9F-AAC1-4C04-A589-5BC766BCA264}"
EndProject
Global
	GlobalSection(SolutionConfigurationPlatforms) = preSolution
		Debug|Any CPU = Debug|Any CPU
		Release|Any CPU = Release|Any CPU
	EndGlobalSection
	GlobalSection(ProjectConfigurationPlatforms) = postSolution
		{1A695D9F-AAC1-4C04-A589-5BC766BCA264}.Debug|Any CPU.ActiveCfg = Debug|Any CPU
		{1A695D9F-AAC1-4C04-A589-5BC766BCA264}.Debug|Any CPU.Build.0 = Debug|Any CPU
		{1A695D9F-AAC1-4C04-A589-5BC766BCA264}.Release|Any CPU.ActiveCfg = Release|Any CPU
		{1A695D9F-AAC1-4C04-A589-5BC766BCA264}.Release|Any CPU.Build.0 = Release|Any CPU
	EndGlobalSection
	GlobalSection(SolutionProperties) = preSolution
		HideSolutionNode = FALSE
	EndGlobalSection
	GlobalSection(ExtensibilityGlobals) = postSolution
		SolutionGuid = {35844B6F-B763-4B8B-98D8-EEC11F485CF2}
	EndGlobalSection
EndGlobal
